// !$*UTF8*$!
{
	archiveVersion = 1;
	classes = {
	};
	objectVersion = 51;
	objects = {

/* Begin PBXBuildFile section */
		B50831051E5A87F900133D1B /* AppDelegate.swift in Sources */ = {isa = PBXBuildFile; fileRef = B50831041E5A87F900133D1B /* AppDelegate.swift */; };
		B50831071E5A87F900133D1B /* Assets.xcassets in Resources */ = {isa = PBXBuildFile; fileRef = B50831061E5A87F900133D1B /* Assets.xcassets */; };
		B508310A1E5A87F900133D1B /* MainMenu.xib in Resources */ = {isa = PBXBuildFile; fileRef = B50831081E5A87F900133D1B /* MainMenu.xib */; };
		B5100AC9237E0BFA00E4DA40 /* ReEnroller-component.plist in Resources */ = {isa = PBXBuildFile; fileRef = B5100AC8237E0BFA00E4DA40 /* ReEnroller-component.plist */; };
		B514454D1F7CB187000B4055 /* index.html in Resources */ = {isa = PBXBuildFile; fileRef = B514454C1F7CB187000B4055 /* index.html */; };
		B5319B211E5F3E9200268E38 /* settings.plist in Resources */ = {isa = PBXBuildFile; fileRef = B5319B201E5F3E9200268E38 /* settings.plist */; };
		B541FD52215D79CB004D6B6C /* command.swift in Sources */ = {isa = PBXBuildFile; fileRef = B541FD51215D79CB004D6B6C /* command.swift */; };
		B55A276A1EACE2DD00AF8398 /* build-reenroller.png in Resources */ = {isa = PBXBuildFile; fileRef = B55A27691EACE2DD00AF8398 /* build-reenroller.png */; };
		B562410F215B1992007F8144 /* mgmtAccount.swift in Sources */ = {isa = PBXBuildFile; fileRef = B562410E215B1991007F8144 /* mgmtAccount.swift */; };
		B5A43ECF203E3D260012CB53 /* apiMDM_remove.txt in Resources */ = {isa = PBXBuildFile; fileRef = B5A43ECE203E3D260012CB53 /* apiMDM_remove.txt */; };
		B5A43ED42043359A0012CB53 /* 2 in Resources */ = {isa = PBXBuildFile; fileRef = B5A43ED32043359A0012CB53 /* 2 */; };
		B5A43ED6204335F30012CB53 /* 1 in Resources */ = {isa = PBXBuildFile; fileRef = B5A43ED5204335F30012CB53 /* 1 */; };
		B5AC202B1F23108D00C16EAA /* ReEnrollerImage1.png in Resources */ = {isa = PBXBuildFile; fileRef = B5AC202A1F23108D00C16EAA /* ReEnrollerImage1.png */; };
		B5BFAFD7228B309C00E58326 /* WebKit.framework in Frameworks */ = {isa = PBXBuildFile; fileRef = B5BFAFD6228B309C00E58326 /* WebKit.framework */; };
		B5DBA04F1E5FCA2A00FA52CE /* com.jamf.ReEnroller.plist in Resources */ = {isa = PBXBuildFile; fileRef = B5DBA04E1E5FCA2A00FA52CE /* com.jamf.ReEnroller.plist */; };
		B5F155801F4BE303002241A3 /* images in Resources */ = {isa = PBXBuildFile; fileRef = B5F1557E1F4BE303002241A3 /* images */; };
/* End PBXBuildFile section */

/* Begin PBXFileReference section */
		B50831011E5A87F900133D1B /* ReEnroller.app */ = {isa = PBXFileReference; explicitFileType = wrapper.application; includeInIndex = 0; path = ReEnroller.app; sourceTree = BUILT_PRODUCTS_DIR; };
		B50831041E5A87F900133D1B /* AppDelegate.swift */ = {isa = PBXFileReference; lastKnownFileType = sourcecode.swift; path = AppDelegate.swift; sourceTree = "<group>"; };
		B50831061E5A87F900133D1B /* Assets.xcassets */ = {isa = PBXFileReference; lastKnownFileType = folder.assetcatalog; path = Assets.xcassets; sourceTree = "<group>"; };
		B50831091E5A87F900133D1B /* Base */ = {isa = PBXFileReference; lastKnownFileType = file.xib; name = Base; path = Base.lproj/MainMenu.xib; sourceTree = "<group>"; };
		B508310B1E5A87F900133D1B /* Info.plist */ = {isa = PBXFileReference; lastKnownFileType = text.plist.xml; path = Info.plist; sourceTree = "<group>"; };
		B5100AC8237E0BFA00E4DA40 /* ReEnroller-component.plist */ = {isa = PBXFileReference; lastKnownFileType = file.bplist; path = "ReEnroller-component.plist"; sourceTree = "<group>"; };
		B514454C1F7CB187000B4055 /* index.html */ = {isa = PBXFileReference; fileEncoding = 4; lastKnownFileType = text.html; path = index.html; sourceTree = "<group>"; };
		B5319B201E5F3E9200268E38 /* settings.plist */ = {isa = PBXFileReference; fileEncoding = 4; lastKnownFileType = text.plist.xml; path = settings.plist; sourceTree = "<group>"; };
		B541FD51215D79CB004D6B6C /* command.swift */ = {isa = PBXFileReference; lastKnownFileType = sourcecode.swift; path = command.swift; sourceTree = "<group>"; };
		B55A27691EACE2DD00AF8398 /* build-reenroller.png */ = {isa = PBXFileReference; lastKnownFileType = image.png; path = "build-reenroller.png"; sourceTree = "<group>"; };
		B562410E215B1991007F8144 /* mgmtAccount.swift */ = {isa = PBXFileReference; lastKnownFileType = sourcecode.swift; path = mgmtAccount.swift; sourceTree = "<group>"; };
		B5A43ECE203E3D260012CB53 /* apiMDM_remove.txt */ = {isa = PBXFileReference; fileEncoding = 4; lastKnownFileType = text; path = apiMDM_remove.txt; sourceTree = "<group>"; };
		B5A43ED32043359A0012CB53 /* 2 */ = {isa = PBXFileReference; lastKnownFileType = folder; path = 2; sourceTree = "<group>"; };
		B5A43ED5204335F30012CB53 /* 1 */ = {isa = PBXFileReference; lastKnownFileType = folder; path = 1; sourceTree = "<group>"; };
		B5AC202A1F23108D00C16EAA /* ReEnrollerImage1.png */ = {isa = PBXFileReference; lastKnownFileType = image.png; path = ReEnrollerImage1.png; sourceTree = "<group>"; };
		B5BFAFD4228B0BEC00E58326 /* ReEnroller.entitlements */ = {isa = PBXFileReference; lastKnownFileType = text.plist.entitlements; path = ReEnroller.entitlements; sourceTree = "<group>"; };
		B5BFAFD6228B309C00E58326 /* WebKit.framework */ = {isa = PBXFileReference; lastKnownFileType = wrapper.framework; name = WebKit.framework; path = System/Library/Frameworks/WebKit.framework; sourceTree = SDKROOT; };
		B5DBA04E1E5FCA2A00FA52CE /* com.jamf.ReEnroller.plist */ = {isa = PBXFileReference; fileEncoding = 4; lastKnownFileType = text.plist.xml; name = com.jamf.ReEnroller.plist; path = ../com.jamf.ReEnroller.plist; sourceTree = "<group>"; };
		B5F1557E1F4BE303002241A3 /* images */ = {isa = PBXFileReference; lastKnownFileType = folder; path = images; sourceTree = "<group>"; };
/* End PBXFileReference section */

/* Begin PBXFrameworksBuildPhase section */
		B50830FE1E5A87F900133D1B /* Frameworks */ = {
			isa = PBXFrameworksBuildPhase;
			buildActionMask = 2147483647;
			files = (
				B5BFAFD7228B309C00E58326 /* WebKit.framework in Frameworks */,
			);
			runOnlyForDeploymentPostprocessing = 0;
		};
/* End PBXFrameworksBuildPhase section */

/* Begin PBXGroup section */
		B50830F81E5A87F900133D1B = {
			isa = PBXGroup;
			children = (
				B50831031E5A87F900133D1B /* ReEnroller */,
				B50831021E5A87F900133D1B /* Products */,
				B5BFAFD5228B309C00E58326 /* Frameworks */,
			);
			sourceTree = "<group>";
		};
		B50831021E5A87F900133D1B /* Products */ = {
			isa = PBXGroup;
			children = (
				B50831011E5A87F900133D1B /* ReEnroller.app */,
			);
			name = Products;
			sourceTree = "<group>";
		};
		B50831031E5A87F900133D1B /* ReEnroller */ = {
			isa = PBXGroup;
			children = (
				B5BFAFD4228B0BEC00E58326 /* ReEnroller.entitlements */,
				B50831041E5A87F900133D1B /* AppDelegate.swift */,
				B541FD51215D79CB004D6B6C /* command.swift */,
				B562410E215B1991007F8144 /* mgmtAccount.swift */,
				B50831061E5A87F900133D1B /* Assets.xcassets */,
				B55A27681EACE2BA00AF8398 /* Images */,
				B50831081E5A87F900133D1B /* MainMenu.xib */,
				B508310B1E5A87F900133D1B /* Info.plist */,
				B5319B201E5F3E9200268E38 /* settings.plist */,
				B5DBA04E1E5FCA2A00FA52CE /* com.jamf.ReEnroller.plist */,
				B5100AC8237E0BFA00E4DA40 /* ReEnroller-component.plist */,
				B5A43ED5204335F30012CB53 /* 1 */,
				B5A43ED32043359A0012CB53 /* 2 */,
				B5AC20301F258F4200C16EAA /* help */,
			);
			path = ReEnroller;
			sourceTree = "<group>";
		};
		B55A27681EACE2BA00AF8398 /* Images */ = {
			isa = PBXGroup;
			children = (
				B5AC202A1F23108D00C16EAA /* ReEnrollerImage1.png */,
				B55A27691EACE2DD00AF8398 /* build-reenroller.png */,
			);
			name = Images;
			sourceTree = "<group>";
		};
		B5AC20301F258F4200C16EAA /* help */ = {
			isa = PBXGroup;
			children = (
				B514454C1F7CB187000B4055 /* index.html */,
				B5A43ECE203E3D260012CB53 /* apiMDM_remove.txt */,
				B5F1557E1F4BE303002241A3 /* images */,
			);
			name = help;
			sourceTree = "<group>";
		};
		B5BFAFD5228B309C00E58326 /* Frameworks */ = {
			isa = PBXGroup;
			children = (
				B5BFAFD6228B309C00E58326 /* WebKit.framework */,
			);
			name = Frameworks;
			sourceTree = "<group>";
		};
/* End PBXGroup section */

/* Begin PBXNativeTarget section */
		B50831001E5A87F900133D1B /* ReEnroller */ = {
			isa = PBXNativeTarget;
			buildConfigurationList = B508310E1E5A87F900133D1B /* Build configuration list for PBXNativeTarget "ReEnroller" */;
			buildPhases = (
				B50830FD1E5A87F900133D1B /* Sources */,
				B50830FE1E5A87F900133D1B /* Frameworks */,
				B50830FF1E5A87F900133D1B /* Resources */,
			);
			buildRules = (
			);
			dependencies = (
			);
			name = ReEnroller;
			productName = ReEnroller;
			productReference = B50831011E5A87F900133D1B /* ReEnroller.app */;
			productType = "com.apple.product-type.application";
		};
/* End PBXNativeTarget section */

/* Begin PBXProject section */
		B50830F91E5A87F900133D1B /* Project object */ = {
			isa = PBXProject;
			attributes = {
				LastSwiftUpdateCheck = 0820;
				LastUpgradeCheck = 0940;
				ORGANIZATIONNAME = "Leslie Helou";
				TargetAttributes = {
					B50831001E5A87F900133D1B = {
						CreatedOnToolsVersion = 8.2.1;
						DevelopmentTeam = PS2F6S478M;
						LastSwiftMigration = 1010;
						ProvisioningStyle = Automatic;
						SystemCapabilities = {
							com.apple.HardenedRuntime = {
								enabled = 1;
							};
						};
					};
				};
			};
			buildConfigurationList = B50830FC1E5A87F900133D1B /* Build configuration list for PBXProject "ReEnroller" */;
			compatibilityVersion = "Xcode 10.0";
			developmentRegion = English;
			hasScannedForEncodings = 0;
			knownRegions = (
				English,
				en,
				Base,
			);
			mainGroup = B50830F81E5A87F900133D1B;
			productRefGroup = B50831021E5A87F900133D1B /* Products */;
			projectDirPath = "";
			projectRoot = "";
			targets = (
				B50831001E5A87F900133D1B /* ReEnroller */,
			);
		};
/* End PBXProject section */

/* Begin PBXResourcesBuildPhase section */
		B50830FF1E5A87F900133D1B /* Resources */ = {
			isa = PBXResourcesBuildPhase;
			buildActionMask = 2147483647;
			files = (
				B5A43ECF203E3D260012CB53 /* apiMDM_remove.txt in Resources */,
				B50831071E5A87F900133D1B /* Assets.xcassets in Resources */,
				B5AC202B1F23108D00C16EAA /* ReEnrollerImage1.png in Resources */,
				B514454D1F7CB187000B4055 /* index.html in Resources */,
				B55A276A1EACE2DD00AF8398 /* build-reenroller.png in Resources */,
				B5A43ED6204335F30012CB53 /* 1 in Resources */,
				B5F155801F4BE303002241A3 /* images in Resources */,
				B5319B211E5F3E9200268E38 /* settings.plist in Resources */,
				B5A43ED42043359A0012CB53 /* 2 in Resources */,
				B5DBA04F1E5FCA2A00FA52CE /* com.jamf.ReEnroller.plist in Resources */,
				B5100AC9237E0BFA00E4DA40 /* ReEnroller-component.plist in Resources */,
				B508310A1E5A87F900133D1B /* MainMenu.xib in Resources */,
			);
			runOnlyForDeploymentPostprocessing = 0;
		};
/* End PBXResourcesBuildPhase section */

/* Begin PBXSourcesBuildPhase section */
		B50830FD1E5A87F900133D1B /* Sources */ = {
			isa = PBXSourcesBuildPhase;
			buildActionMask = 2147483647;
			files = (
				B541FD52215D79CB004D6B6C /* command.swift in Sources */,
				B562410F215B1992007F8144 /* mgmtAccount.swift in Sources */,
				B50831051E5A87F900133D1B /* AppDelegate.swift in Sources */,
			);
			runOnlyForDeploymentPostprocessing = 0;
		};
/* End PBXSourcesBuildPhase section */

/* Begin PBXVariantGroup section */
		B50831081E5A87F900133D1B /* MainMenu.xib */ = {
			isa = PBXVariantGroup;
			children = (
				B50831091E5A87F900133D1B /* Base */,
			);
			name = MainMenu.xib;
			sourceTree = "<group>";
		};
/* End PBXVariantGroup section */

/* Begin XCBuildConfiguration section */
		B508310C1E5A87F900133D1B /* Debug */ = {
			isa = XCBuildConfiguration;
			buildSettings = {
				ALWAYS_SEARCH_USER_PATHS = NO;
				CLANG_ANALYZER_NONNULL = YES;
				CLANG_CXX_LANGUAGE_STANDARD = "gnu++0x";
				CLANG_CXX_LIBRARY = "libc++";
				CLANG_ENABLE_MODULES = YES;
				CLANG_ENABLE_OBJC_ARC = YES;
				CLANG_WARN_BLOCK_CAPTURE_AUTORELEASING = YES;
				CLANG_WARN_BOOL_CONVERSION = YES;
				CLANG_WARN_COMMA = YES;
				CLANG_WARN_CONSTANT_CONVERSION = YES;
				CLANG_WARN_DEPRECATED_OBJC_IMPLEMENTATIONS = YES;
				CLANG_WARN_DIRECT_OBJC_ISA_USAGE = YES_ERROR;
				CLANG_WARN_DOCUMENTATION_COMMENTS = YES;
				CLANG_WARN_EMPTY_BODY = YES;
				CLANG_WARN_ENUM_CONVERSION = YES;
				CLANG_WARN_INFINITE_RECURSION = YES;
				CLANG_WARN_INT_CONVERSION = YES;
				CLANG_WARN_NON_LITERAL_NULL_CONVERSION = YES;
				CLANG_WARN_OBJC_IMPLICIT_RETAIN_SELF = YES;
				CLANG_WARN_OBJC_LITERAL_CONVERSION = YES;
				CLANG_WARN_OBJC_ROOT_CLASS = YES_ERROR;
				CLANG_WARN_RANGE_LOOP_ANALYSIS = YES;
				CLANG_WARN_STRICT_PROTOTYPES = YES;
				CLANG_WARN_SUSPICIOUS_MOVE = YES;
				CLANG_WARN_UNREACHABLE_CODE = YES;
				CLANG_WARN__DUPLICATE_METHOD_MATCH = YES;
				CODE_SIGN_IDENTITY = "-";
				COPY_PHASE_STRIP = NO;
				DEBUG_INFORMATION_FORMAT = dwarf;
				ENABLE_STRICT_OBJC_MSGSEND = YES;
				ENABLE_TESTABILITY = YES;
				GCC_C_LANGUAGE_STANDARD = gnu99;
				GCC_DYNAMIC_NO_PIC = NO;
				GCC_NO_COMMON_BLOCKS = YES;
				GCC_OPTIMIZATION_LEVEL = 0;
				GCC_PREPROCESSOR_DEFINITIONS = (
					"DEBUG=1",
					"$(inherited)",
				);
				GCC_WARN_64_TO_32_BIT_CONVERSION = YES;
				GCC_WARN_ABOUT_RETURN_TYPE = YES_ERROR;
				GCC_WARN_UNDECLARED_SELECTOR = YES;
				GCC_WARN_UNINITIALIZED_AUTOS = YES_AGGRESSIVE;
				GCC_WARN_UNUSED_FUNCTION = YES;
				GCC_WARN_UNUSED_VARIABLE = YES;
				MACOSX_DEPLOYMENT_TARGET = 10.10;
				MTL_ENABLE_DEBUG_INFO = YES;
				ONLY_ACTIVE_ARCH = YES;
				SDKROOT = macosx;
				SWIFT_ACTIVE_COMPILATION_CONDITIONS = DEBUG;
				SWIFT_OPTIMIZATION_LEVEL = "-Onone";
				SWIFT_VERSION = 5.0;
			};
			name = Debug;
		};
		B508310D1E5A87F900133D1B /* Release */ = {
			isa = XCBuildConfiguration;
			buildSettings = {
				ALWAYS_SEARCH_USER_PATHS = NO;
				CLANG_ANALYZER_NONNULL = YES;
				CLANG_CXX_LANGUAGE_STANDARD = "gnu++0x";
				CLANG_CXX_LIBRARY = "libc++";
				CLANG_ENABLE_MODULES = YES;
				CLANG_ENABLE_OBJC_ARC = YES;
				CLANG_WARN_BLOCK_CAPTURE_AUTORELEASING = YES;
				CLANG_WARN_BOOL_CONVERSION = YES;
				CLANG_WARN_COMMA = YES;
				CLANG_WARN_CONSTANT_CONVERSION = YES;
				CLANG_WARN_DEPRECATED_OBJC_IMPLEMENTATIONS = YES;
				CLANG_WARN_DIRECT_OBJC_ISA_USAGE = YES_ERROR;
				CLANG_WARN_DOCUMENTATION_COMMENTS = YES;
				CLANG_WARN_EMPTY_BODY = YES;
				CLANG_WARN_ENUM_CONVERSION = YES;
				CLANG_WARN_INFINITE_RECURSION = YES;
				CLANG_WARN_INT_CONVERSION = YES;
				CLANG_WARN_NON_LITERAL_NULL_CONVERSION = YES;
				CLANG_WARN_OBJC_IMPLICIT_RETAIN_SELF = YES;
				CLANG_WARN_OBJC_LITERAL_CONVERSION = YES;
				CLANG_WARN_OBJC_ROOT_CLASS = YES_ERROR;
				CLANG_WARN_RANGE_LOOP_ANALYSIS = YES;
				CLANG_WARN_STRICT_PROTOTYPES = YES;
				CLANG_WARN_SUSPICIOUS_MOVE = YES;
				CLANG_WARN_UNREACHABLE_CODE = YES;
				CLANG_WARN__DUPLICATE_METHOD_MATCH = YES;
				CODE_SIGN_IDENTITY = "-";
				COPY_PHASE_STRIP = NO;
				DEBUG_INFORMATION_FORMAT = "dwarf-with-dsym";
				ENABLE_NS_ASSERTIONS = NO;
				ENABLE_STRICT_OBJC_MSGSEND = YES;
				GCC_C_LANGUAGE_STANDARD = gnu99;
				GCC_NO_COMMON_BLOCKS = YES;
				GCC_WARN_64_TO_32_BIT_CONVERSION = YES;
				GCC_WARN_ABOUT_RETURN_TYPE = YES_ERROR;
				GCC_WARN_UNDECLARED_SELECTOR = YES;
				GCC_WARN_UNINITIALIZED_AUTOS = YES_AGGRESSIVE;
				GCC_WARN_UNUSED_FUNCTION = YES;
				GCC_WARN_UNUSED_VARIABLE = YES;
				MACOSX_DEPLOYMENT_TARGET = 10.10;
				MTL_ENABLE_DEBUG_INFO = NO;
				SDKROOT = macosx;
				SWIFT_COMPILATION_MODE = wholemodule;
				SWIFT_OPTIMIZATION_LEVEL = "-O";
				SWIFT_VERSION = 5.0;
			};
			name = Release;
		};
		B508310F1E5A87F900133D1B /* Debug */ = {
			isa = XCBuildConfiguration;
			buildSettings = {
				ASSETCATALOG_COMPILER_APPICON_NAME = AppIcon;
				CODE_SIGN_IDENTITY = "Mac Developer";
				COMBINE_HIDPI_IMAGES = YES;
				DEVELOPMENT_TEAM = PS2F6S478M;
				ENABLE_HARDENED_RUNTIME = YES;
				INFOPLIST_FILE = ReEnroller/Info.plist;
				LD_RUNPATH_SEARCH_PATHS = (
					"$(inherited)",
					"@executable_path/../Frameworks",
				);
				MACOSX_DEPLOYMENT_TARGET = 10.11;
				MARKETING_VERSION = 4.6.6;
				PRODUCT_BUNDLE_IDENTIFIER = com.jamf.pse.ReEnroller;
				PRODUCT_NAME = "$(TARGET_NAME)";
				SWIFT_SWIFT3_OBJC_INFERENCE = On;
				SWIFT_VERSION = 4.2;
			};
			name = Debug;
		};
		B50831101E5A87F900133D1B /* Release */ = {
			isa = XCBuildConfiguration;
			buildSettings = {
				ASSETCATALOG_COMPILER_APPICON_NAME = AppIcon;
				CODE_SIGN_IDENTITY = "Mac Developer";
				COMBINE_HIDPI_IMAGES = YES;
				DEVELOPMENT_TEAM = PS2F6S478M;
				ENABLE_HARDENED_RUNTIME = YES;
				INFOPLIST_FILE = ReEnroller/Info.plist;
				LD_RUNPATH_SEARCH_PATHS = (
					"$(inherited)",
					"@executable_path/../Frameworks",
				);
				MACOSX_DEPLOYMENT_TARGET = 10.11;
				MARKETING_VERSION = 4.6.6;
				PRODUCT_BUNDLE_IDENTIFIER = com.jamf.pse.ReEnroller;
				PRODUCT_NAME = "$(TARGET_NAME)";
				SWIFT_SWIFT3_OBJC_INFERENCE = On;
				SWIFT_VERSION = 4.2;
			};
			name = Release;
		};
/* End XCBuildConfiguration section */

/* Begin XCConfigurationList section */
		B50830FC1E5A87F900133D1B /* Build configuration list for PBXProject "ReEnroller" */ = {
			isa = XCConfigurationList;
			buildConfigurations = (
				B508310C1E5A87F900133D1B /* Debug */,
				B508310D1E5A87F900133D1B /* Release */,
			);
			defaultConfigurationIsVisible = 0;
			defaultConfigurationName = Release;
		};
		B508310E1E5A87F900133D1B /* Build configuration list for PBXNativeTarget "ReEnroller" */ = {
			isa = XCConfigurationList;
			buildConfigurations = (
				B508310F1E5A87F900133D1B /* Debug */,
				B50831101E5A87F900133D1B /* Release */,
			);
			defaultConfigurationIsVisible = 0;
			defaultConfigurationName = Release;
		};
/* End XCConfigurationList section */
	};
	rootObject = B50830F91E5A87F900133D1B /* Project object */;
}
