// !$*UTF8*$!
{
	archiveVersion = 1;
	classes = {
	};
	objectVersion = 54;
	objects = {

/* Begin PBXBuildFile section */
		B535677225DB550C0017769D /* WriteToLog.swift in Sources */ = {isa = PBXBuildFile; fileRef = B535677125DB550C0017769D /* WriteToLog.swift */; };
		B535677525DB56110017769D /* Alert.swift in Sources */ = {isa = PBXBuildFile; fileRef = B535677425DB56110017769D /* Alert.swift */; };
		B5434E3B25D72BD50013A85B /* HelpViewController.swift in Sources */ = {isa = PBXBuildFile; fileRef = B5434E3A25D72BD50013A85B /* HelpViewController.swift */; };
		B5434E4725D8678E0013A85B /* images in Resources */ = {isa = PBXBuildFile; fileRef = B5434E4625D8678E0013A85B /* images */; };
		B5434E4E25D982390013A85B /* Globals.swift in Sources */ = {isa = PBXBuildFile; fileRef = B5434E4D25D982390013A85B /* Globals.swift */; };
		B5480D5C25D6AE1700BFCC86 /* AppDelegate.swift in Sources */ = {isa = PBXBuildFile; fileRef = B5480D5B25D6AE1700BFCC86 /* AppDelegate.swift */; };
		B5480D5E25D6AE1700BFCC86 /* ViewController.swift in Sources */ = {isa = PBXBuildFile; fileRef = B5480D5D25D6AE1700BFCC86 /* ViewController.swift */; };
		B5480D6025D6AE1A00BFCC86 /* Assets.xcassets in Resources */ = {isa = PBXBuildFile; fileRef = B5480D5F25D6AE1A00BFCC86 /* Assets.xcassets */; };
		B5480D6325D6AE1A00BFCC86 /* Main.storyboard in Resources */ = {isa = PBXBuildFile; fileRef = B5480D6125D6AE1A00BFCC86 /* Main.storyboard */; };
		B5480D7025D6B39200BFCC86 /* help.html in Resources */ = {isa = PBXBuildFile; fileRef = B5480D6F25D6B39200BFCC86 /* help.html */; };
		B5480D7325D6B3B600BFCC86 /* apiMDM_remove.txt in Resources */ = {isa = PBXBuildFile; fileRef = B5480D7225D6B3B600BFCC86 /* apiMDM_remove.txt */; };
		B5480DA425D6B4E000BFCC86 /* command.swift in Sources */ = {isa = PBXBuildFile; fileRef = B5480DA325D6B4E000BFCC86 /* command.swift */; };
		B5480DAB25D6B8CA00BFCC86 /* ApiCall.swift in Sources */ = {isa = PBXBuildFile; fileRef = B5480DAA25D6B8CA00BFCC86 /* ApiCall.swift */; };
		B5480DAE25D6B8FD00BFCC86 /* ObjectXML.swift in Sources */ = {isa = PBXBuildFile; fileRef = B5480DAD25D6B8FD00BFCC86 /* ObjectXML.swift */; };
		B5480DBB25D6BB6C00BFCC86 /* WebKit.framework in Frameworks */ = {isa = PBXBuildFile; fileRef = B5480DBA25D6BB6C00BFCC86 /* WebKit.framework */; };
		B5480DCC25D6BE8700BFCC86 /* 1 in Resources */ = {isa = PBXBuildFile; fileRef = B5480DCB25D6BE8700BFCC86 /* 1 */; };
		B5480DD025D6BEB600BFCC86 /* 2 in Resources */ = {isa = PBXBuildFile; fileRef = B5480DCF25D6BEB600BFCC86 /* 2 */; };
		B5E2587025D7252100ABD528 /* settings.plist in Resources */ = {isa = PBXBuildFile; fileRef = B5E2586F25D7252100ABD528 /* settings.plist */; };
		B5E2587325D725B100ABD528 /* com.jamf.ReEnroller.plist in Resources */ = {isa = PBXBuildFile; fileRef = B5E2587225D725B100ABD528 /* com.jamf.ReEnroller.plist */; };
		B5E2587625D7273600ABD528 /* ReEnroller-component.plist in Resources */ = {isa = PBXBuildFile; fileRef = B5E2587525D7273600ABD528 /* ReEnroller-component.plist */; };
		B5F6492127C96423007B7C26 /* JamfPro.swift in Sources */ = {isa = PBXBuildFile; fileRef = B5F6492027C96423007B7C26 /* JamfPro.swift */; };
/* End PBXBuildFile section */

/* Begin PBXFileReference section */
		B535677125DB550C0017769D /* WriteToLog.swift */ = {isa = PBXFileReference; lastKnownFileType = sourcecode.swift; path = WriteToLog.swift; sourceTree = "<group>"; };
		B535677425DB56110017769D /* Alert.swift */ = {isa = PBXFileReference; fileEncoding = 4; lastKnownFileType = sourcecode.swift; path = Alert.swift; sourceTree = "<group>"; };
		B5434E3A25D72BD50013A85B /* HelpViewController.swift */ = {isa = PBXFileReference; lastKnownFileType = sourcecode.swift; path = HelpViewController.swift; sourceTree = "<group>"; };
		B5434E4625D8678E0013A85B /* images */ = {isa = PBXFileReference; lastKnownFileType = folder; path = images; sourceTree = "<group>"; };
		B5434E4D25D982390013A85B /* Globals.swift */ = {isa = PBXFileReference; lastKnownFileType = sourcecode.swift; path = Globals.swift; sourceTree = "<group>"; };
		B5480D5825D6AE1700BFCC86 /* ReEnroller.app */ = {isa = PBXFileReference; explicitFileType = wrapper.application; includeInIndex = 0; path = ReEnroller.app; sourceTree = BUILT_PRODUCTS_DIR; };
		B5480D5B25D6AE1700BFCC86 /* AppDelegate.swift */ = {isa = PBXFileReference; lastKnownFileType = sourcecode.swift; path = AppDelegate.swift; sourceTree = "<group>"; };
		B5480D5D25D6AE1700BFCC86 /* ViewController.swift */ = {isa = PBXFileReference; lastKnownFileType = sourcecode.swift; path = ViewController.swift; sourceTree = "<group>"; };
		B5480D5F25D6AE1A00BFCC86 /* Assets.xcassets */ = {isa = PBXFileReference; lastKnownFileType = folder.assetcatalog; path = Assets.xcassets; sourceTree = "<group>"; };
		B5480D6225D6AE1A00BFCC86 /* Base */ = {isa = PBXFileReference; lastKnownFileType = file.storyboard; name = Base; path = Base.lproj/Main.storyboard; sourceTree = "<group>"; };
		B5480D6425D6AE1A00BFCC86 /* Info.plist */ = {isa = PBXFileReference; lastKnownFileType = text.plist.xml; path = Info.plist; sourceTree = "<group>"; };
		B5480D6525D6AE1A00BFCC86 /* ReEnroller.entitlements */ = {isa = PBXFileReference; lastKnownFileType = text.plist.entitlements; path = ReEnroller.entitlements; sourceTree = "<group>"; };
		B5480D6F25D6B39200BFCC86 /* help.html */ = {isa = PBXFileReference; fileEncoding = 4; lastKnownFileType = text.html; path = help.html; sourceTree = "<group>"; };
		B5480D7225D6B3B600BFCC86 /* apiMDM_remove.txt */ = {isa = PBXFileReference; fileEncoding = 4; lastKnownFileType = text; path = apiMDM_remove.txt; sourceTree = "<group>"; };
		B5480DA325D6B4E000BFCC86 /* command.swift */ = {isa = PBXFileReference; fileEncoding = 4; lastKnownFileType = sourcecode.swift; path = command.swift; sourceTree = "<group>"; };
		B5480DAA25D6B8CA00BFCC86 /* ApiCall.swift */ = {isa = PBXFileReference; fileEncoding = 4; lastKnownFileType = sourcecode.swift; path = ApiCall.swift; sourceTree = "<group>"; };
		B5480DAD25D6B8FD00BFCC86 /* ObjectXML.swift */ = {isa = PBXFileReference; fileEncoding = 4; lastKnownFileType = sourcecode.swift; path = ObjectXML.swift; sourceTree = "<group>"; };
		B5480DBA25D6BB6C00BFCC86 /* WebKit.framework */ = {isa = PBXFileReference; lastKnownFileType = wrapper.framework; name = WebKit.framework; path = System/Library/Frameworks/WebKit.framework; sourceTree = SDKROOT; };
		B5480DCB25D6BE8700BFCC86 /* 1 */ = {isa = PBXFileReference; lastKnownFileType = folder; path = 1; sourceTree = "<group>"; };
		B5480DCF25D6BEB600BFCC86 /* 2 */ = {isa = PBXFileReference; lastKnownFileType = folder; path = 2; sourceTree = "<group>"; };
		B5E2586F25D7252100ABD528 /* settings.plist */ = {isa = PBXFileReference; fileEncoding = 4; lastKnownFileType = text.plist.xml; path = settings.plist; sourceTree = "<group>"; };
		B5E2587225D725B100ABD528 /* com.jamf.ReEnroller.plist */ = {isa = PBXFileReference; fileEncoding = 4; lastKnownFileType = text.plist.xml; path = com.jamf.ReEnroller.plist; sourceTree = "<group>"; };
		B5E2587525D7273600ABD528 /* ReEnroller-component.plist */ = {isa = PBXFileReference; fileEncoding = 4; lastKnownFileType = text.plist.xml; path = "ReEnroller-component.plist"; sourceTree = "<group>"; };
		B5F6492027C96423007B7C26 /* JamfPro.swift */ = {isa = PBXFileReference; fileEncoding = 4; lastKnownFileType = sourcecode.swift; path = JamfPro.swift; sourceTree = "<group>"; };
		CE3FE44C293FE2E200D27323 /* Notes.md */ = {isa = PBXFileReference; lastKnownFileType = net.daringfireball.markdown; path = Notes.md; sourceTree = "<group>"; };
/* End PBXFileReference section */

/* Begin PBXFrameworksBuildPhase section */
		B5480D5525D6AE1700BFCC86 /* Frameworks */ = {
			isa = PBXFrameworksBuildPhase;
			buildActionMask = 2147483647;
			files = (
				B5480DBB25D6BB6C00BFCC86 /* WebKit.framework in Frameworks */,
			);
			runOnlyForDeploymentPostprocessing = 0;
		};
/* End PBXFrameworksBuildPhase section */

/* Begin PBXGroup section */
		B5480D4F25D6AE1700BFCC86 = {
			isa = PBXGroup;
			children = (
				CE3FE44C293FE2E200D27323 /* Notes.md */,
				B5480D5A25D6AE1700BFCC86 /* ReEnroller */,
				B5480D5925D6AE1700BFCC86 /* Products */,
				B5480DB925D6BB6C00BFCC86 /* Frameworks */,
			);
			sourceTree = "<group>";
		};
		B5480D5925D6AE1700BFCC86 /* Products */ = {
			isa = PBXGroup;
			children = (
				B5480D5825D6AE1700BFCC86 /* ReEnroller.app */,
			);
			name = Products;
			sourceTree = "<group>";
		};
		B5480D5A25D6AE1700BFCC86 /* ReEnroller */ = {
			isa = PBXGroup;
			children = (
				B5480DAA25D6B8CA00BFCC86 /* ApiCall.swift */,
				B535677425DB56110017769D /* Alert.swift */,
				B5480D5B25D6AE1700BFCC86 /* AppDelegate.swift */,
				B5480DA325D6B4E000BFCC86 /* command.swift */,
				B5434E4D25D982390013A85B /* Globals.swift */,
				B5434E3A25D72BD50013A85B /* HelpViewController.swift */,
				B5F6492027C96423007B7C26 /* JamfPro.swift */,
				B5480DAD25D6B8FD00BFCC86 /* ObjectXML.swift */,
				B5480D5D25D6AE1700BFCC86 /* ViewController.swift */,
				B535677125DB550C0017769D /* WriteToLog.swift */,
				B5480D5F25D6AE1A00BFCC86 /* Assets.xcassets */,
				B5480D6125D6AE1A00BFCC86 /* Main.storyboard */,
				B5480D6425D6AE1A00BFCC86 /* Info.plist */,
				B5E2587225D725B100ABD528 /* com.jamf.ReEnroller.plist */,
				B5E2586F25D7252100ABD528 /* settings.plist */,
				B5E2587525D7273600ABD528 /* ReEnroller-component.plist */,
				B5480D6525D6AE1A00BFCC86 /* ReEnroller.entitlements */,
				B5480DCB25D6BE8700BFCC86 /* 1 */,
				B5480DCF25D6BEB600BFCC86 /* 2 */,
				B5480D6E25D6B33A00BFCC86 /* help */,
			);
			path = ReEnroller;
			sourceTree = "<group>";
		};
		B5480D6E25D6B33A00BFCC86 /* help */ = {
			isa = PBXGroup;
			children = (
				B5434E4625D8678E0013A85B /* images */,
				B5480D7225D6B3B600BFCC86 /* apiMDM_remove.txt */,
				B5480D6F25D6B39200BFCC86 /* help.html */,
			);
			path = help;
			sourceTree = "<group>";
		};
		B5480DB925D6BB6C00BFCC86 /* Frameworks */ = {
			isa = PBXGroup;
			children = (
				B5480DBA25D6BB6C00BFCC86 /* WebKit.framework */,
			);
			name = Frameworks;
			sourceTree = "<group>";
		};
/* End PBXGroup section */

/* Begin PBXNativeTarget section */
		B5480D5725D6AE1700BFCC86 /* ReEnroller */ = {
			isa = PBXNativeTarget;
			buildConfigurationList = B5480D6825D6AE1A00BFCC86 /* Build configuration list for PBXNativeTarget "ReEnroller" */;
			buildPhases = (
				B5480D5425D6AE1700BFCC86 /* Sources */,
				B5480D5525D6AE1700BFCC86 /* Frameworks */,
				B5480D5625D6AE1700BFCC86 /* Resources */,
				B544852529F18E87002A70AC /* Run build number Script */,
			);
			buildRules = (
			);
			dependencies = (
			);
			name = ReEnroller;
			productName = ReEnroller;
			productReference = B5480D5825D6AE1700BFCC86 /* ReEnroller.app */;
			productType = "com.apple.product-type.application";
		};
/* End PBXNativeTarget section */

/* Begin PBXProject section */
		B5480D5025D6AE1700BFCC86 /* Project object */ = {
			isa = PBXProject;
			attributes = {
				BuildIndependentTargetsInParallel = YES;
				LastSwiftUpdateCheck = 1210;
				LastUpgradeCheck = 1430;
				TargetAttributes = {
					B5480D5725D6AE1700BFCC86 = {
						CreatedOnToolsVersion = 12.1;
					};
				};
			};
			buildConfigurationList = B5480D5325D6AE1700BFCC86 /* Build configuration list for PBXProject "ReEnroller" */;
			compatibilityVersion = "Xcode 9.3";
			developmentRegion = en;
			hasScannedForEncodings = 0;
			knownRegions = (
				en,
				Base,
			);
			mainGroup = B5480D4F25D6AE1700BFCC86;
			productRefGroup = B5480D5925D6AE1700BFCC86 /* Products */;
			projectDirPath = "";
			projectRoot = "";
			targets = (
				B5480D5725D6AE1700BFCC86 /* ReEnroller */,
			);
		};
/* End PBXProject section */

/* Begin PBXResourcesBuildPhase section */
		B5480D5625D6AE1700BFCC86 /* Resources */ = {
			isa = PBXResourcesBuildPhase;
			buildActionMask = 2147483647;
			files = (
				B5434E4725D8678E0013A85B /* images in Resources */,
				B5480D7325D6B3B600BFCC86 /* apiMDM_remove.txt in Resources */,
				B5480D7025D6B39200BFCC86 /* help.html in Resources */,
				B5480D6025D6AE1A00BFCC86 /* Assets.xcassets in Resources */,
				B5480DD025D6BEB600BFCC86 /* 2 in Resources */,
				B5480DCC25D6BE8700BFCC86 /* 1 in Resources */,
				B5E2587025D7252100ABD528 /* settings.plist in Resources */,
				B5E2587325D725B100ABD528 /* com.jamf.ReEnroller.plist in Resources */,
				B5E2587625D7273600ABD528 /* ReEnroller-component.plist in Resources */,
				B5480D6325D6AE1A00BFCC86 /* Main.storyboard in Resources */,
			);
			runOnlyForDeploymentPostprocessing = 0;
		};
/* End PBXResourcesBuildPhase section */

/* Begin PBXShellScriptBuildPhase section */
		B544852529F18E87002A70AC /* Run build number Script */ = {
			isa = PBXShellScriptBuildPhase;
			alwaysOutOfDate = 1;
			buildActionMask = 2147483647;
			files = (
			);
			inputFileListPaths = (
			);
			inputPaths = (
			);
			name = "Run build number Script";
			outputFileListPaths = (
			);
			outputPaths = (
			);
			runOnlyForDeploymentPostprocessing = 0;
			shellPath = /bin/sh;
			shellScript = "newBuildNumber=$(date -u +%Y%m%d.%H%M%S)\n\n/usr/libexec/PlistBuddy -c \"Set :CFBundleVersion $newBuildNumber\"  \"${PROJECT_DIR}/${INFOPLIST_FILE}\"\n";
		};
/* End PBXShellScriptBuildPhase section */

/* Begin PBXSourcesBuildPhase section */
		B5480D5425D6AE1700BFCC86 /* Sources */ = {
			isa = PBXSourcesBuildPhase;
			buildActionMask = 2147483647;
			files = (
				B5480DAE25D6B8FD00BFCC86 /* ObjectXML.swift in Sources */,
				B535677225DB550C0017769D /* WriteToLog.swift in Sources */,
				B5434E3B25D72BD50013A85B /* HelpViewController.swift in Sources */,
				B5480DA425D6B4E000BFCC86 /* command.swift in Sources */,
				B5480D5E25D6AE1700BFCC86 /* ViewController.swift in Sources */,
				B5F6492127C96423007B7C26 /* JamfPro.swift in Sources */,
				B5480DAB25D6B8CA00BFCC86 /* ApiCall.swift in Sources */,
				B5434E4E25D982390013A85B /* Globals.swift in Sources */,
				B5480D5C25D6AE1700BFCC86 /* AppDelegate.swift in Sources */,
				B535677525DB56110017769D /* Alert.swift in Sources */,
			);
			runOnlyForDeploymentPostprocessing = 0;
		};
/* End PBXSourcesBuildPhase section */

/* Begin PBXVariantGroup section */
		B5480D6125D6AE1A00BFCC86 /* Main.storyboard */ = {
			isa = PBXVariantGroup;
			children = (
				B5480D6225D6AE1A00BFCC86 /* Base */,
			);
			name = Main.storyboard;
			sourceTree = "<group>";
		};
/* End PBXVariantGroup section */

/* Begin XCBuildConfiguration section */
		B5480D6625D6AE1A00BFCC86 /* Debug */ = {
			isa = XCBuildConfiguration;
			buildSettings = {
				ALWAYS_SEARCH_USER_PATHS = NO;
				CLANG_ANALYZER_NONNULL = YES;
				CLANG_ANALYZER_NUMBER_OBJECT_CONVERSION = YES_AGGRESSIVE;
				CLANG_CXX_LANGUAGE_STANDARD = "gnu++14";
				CLANG_CXX_LIBRARY = "libc++";
				CLANG_ENABLE_MODULES = YES;
				CLANG_ENABLE_OBJC_ARC = YES;
				CLANG_ENABLE_OBJC_WEAK = YES;
				CLANG_WARN_BLOCK_CAPTURE_AUTORELEASING = YES;
				CLANG_WARN_BOOL_CONVERSION = YES;
				CLANG_WARN_COMMA = YES;
				CLANG_WARN_CONSTANT_CONVERSION = YES;
				CLANG_WARN_DEPRECATED_OBJC_IMPLEMENTATIONS = YES;
				CLANG_WARN_DIRECT_OBJC_ISA_USAGE = YES_ERROR;
				CLANG_WARN_DOCUMENTATION_COMMENTS = YES;
				CLANG_WARN_EMPTY_BODY = YES;
				CLANG_WARN_ENUM_CONVERSION = YES;
				CLANG_WARN_INFINITE_RECURSION = YES;
				CLANG_WARN_INT_CONVERSION = YES;
				CLANG_WARN_NON_LITERAL_NULL_CONVERSION = YES;
				CLANG_WARN_OBJC_IMPLICIT_RETAIN_SELF = YES;
				CLANG_WARN_OBJC_LITERAL_CONVERSION = YES;
				CLANG_WARN_OBJC_ROOT_CLASS = YES_ERROR;
				CLANG_WARN_QUOTED_INCLUDE_IN_FRAMEWORK_HEADER = YES;
				CLANG_WARN_RANGE_LOOP_ANALYSIS = YES;
				CLANG_WARN_STRICT_PROTOTYPES = YES;
				CLANG_WARN_SUSPICIOUS_MOVE = YES;
				CLANG_WARN_UNGUARDED_AVAILABILITY = YES_AGGRESSIVE;
				CLANG_WARN_UNREACHABLE_CODE = YES;
				CLANG_WARN__DUPLICATE_METHOD_MATCH = YES;
				COPY_PHASE_STRIP = NO;
				DEAD_CODE_STRIPPING = YES;
				DEBUG_INFORMATION_FORMAT = dwarf;
				ENABLE_STRICT_OBJC_MSGSEND = YES;
				ENABLE_TESTABILITY = YES;
				GCC_C_LANGUAGE_STANDARD = gnu11;
				GCC_DYNAMIC_NO_PIC = NO;
				GCC_NO_COMMON_BLOCKS = YES;
				GCC_OPTIMIZATION_LEVEL = 0;
				GCC_PREPROCESSOR_DEFINITIONS = (
					"DEBUG=1",
					"$(inherited)",
				);
				GCC_WARN_64_TO_32_BIT_CONVERSION = YES;
				GCC_WARN_ABOUT_RETURN_TYPE = YES_ERROR;
				GCC_WARN_UNDECLARED_SELECTOR = YES;
				GCC_WARN_UNINITIALIZED_AUTOS = YES_AGGRESSIVE;
				GCC_WARN_UNUSED_FUNCTION = YES;
				GCC_WARN_UNUSED_VARIABLE = YES;
				MACOSX_DEPLOYMENT_TARGET = 10.12;
				MTL_ENABLE_DEBUG_INFO = INCLUDE_SOURCE;
				MTL_FAST_MATH = YES;
				ONLY_ACTIVE_ARCH = YES;
				SDKROOT = macosx;
				SWIFT_ACTIVE_COMPILATION_CONDITIONS = DEBUG;
				SWIFT_OPTIMIZATION_LEVEL = "-Onone";
			};
			name = Debug;
		};
		B5480D6725D6AE1A00BFCC86 /* Release */ = {
			isa = XCBuildConfiguration;
			buildSettings = {
				ALWAYS_SEARCH_USER_PATHS = NO;
				CLANG_ANALYZER_NONNULL = YES;
				CLANG_ANALYZER_NUMBER_OBJECT_CONVERSION = YES_AGGRESSIVE;
				CLANG_CXX_LANGUAGE_STANDARD = "gnu++14";
				CLANG_CXX_LIBRARY = "libc++";
				CLANG_ENABLE_MODULES = YES;
				CLANG_ENABLE_OBJC_ARC = YES;
				CLANG_ENABLE_OBJC_WEAK = YES;
				CLANG_WARN_BLOCK_CAPTURE_AUTORELEASING = YES;
				CLANG_WARN_BOOL_CONVERSION = YES;
				CLANG_WARN_COMMA = YES;
				CLANG_WARN_CONSTANT_CONVERSION = YES;
				CLANG_WARN_DEPRECATED_OBJC_IMPLEMENTATIONS = YES;
				CLANG_WARN_DIRECT_OBJC_ISA_USAGE = YES_ERROR;
				CLANG_WARN_DOCUMENTATION_COMMENTS = YES;
				CLANG_WARN_EMPTY_BODY = YES;
				CLANG_WARN_ENUM_CONVERSION = YES;
				CLANG_WARN_INFINITE_RECURSION = YES;
				CLANG_WARN_INT_CONVERSION = YES;
				CLANG_WARN_NON_LITERAL_NULL_CONVERSION = YES;
				CLANG_WARN_OBJC_IMPLICIT_RETAIN_SELF = YES;
				CLANG_WARN_OBJC_LITERAL_CONVERSION = YES;
				CLANG_WARN_OBJC_ROOT_CLASS = YES_ERROR;
				CLANG_WARN_QUOTED_INCLUDE_IN_FRAMEWORK_HEADER = YES;
				CLANG_WARN_RANGE_LOOP_ANALYSIS = YES;
				CLANG_WARN_STRICT_PROTOTYPES = YES;
				CLANG_WARN_SUSPICIOUS_MOVE = YES;
				CLANG_WARN_UNGUARDED_AVAILABILITY = YES_AGGRESSIVE;
				CLANG_WARN_UNREACHABLE_CODE = YES;
				CLANG_WARN__DUPLICATE_METHOD_MATCH = YES;
				COPY_PHASE_STRIP = NO;
				DEAD_CODE_STRIPPING = YES;
				DEBUG_INFORMATION_FORMAT = "dwarf-with-dsym";
				ENABLE_NS_ASSERTIONS = NO;
				ENABLE_STRICT_OBJC_MSGSEND = YES;
				GCC_C_LANGUAGE_STANDARD = gnu11;
				GCC_NO_COMMON_BLOCKS = YES;
				GCC_WARN_64_TO_32_BIT_CONVERSION = YES;
				GCC_WARN_ABOUT_RETURN_TYPE = YES_ERROR;
				GCC_WARN_UNDECLARED_SELECTOR = YES;
				GCC_WARN_UNINITIALIZED_AUTOS = YES_AGGRESSIVE;
				GCC_WARN_UNUSED_FUNCTION = YES;
				GCC_WARN_UNUSED_VARIABLE = YES;
				MACOSX_DEPLOYMENT_TARGET = 10.12;
				MTL_ENABLE_DEBUG_INFO = NO;
				MTL_FAST_MATH = YES;
				SDKROOT = macosx;
				SWIFT_COMPILATION_MODE = wholemodule;
				SWIFT_OPTIMIZATION_LEVEL = "-O";
			};
			name = Release;
		};
		B5480D6925D6AE1A00BFCC86 /* Debug */ = {
			isa = XCBuildConfiguration;
			buildSettings = {
				ASSETCATALOG_COMPILER_APPICON_NAME = AppIcon;
				ASSETCATALOG_COMPILER_GLOBAL_ACCENT_COLOR_NAME = AccentColor;
				CODE_SIGN_ENTITLEMENTS = ReEnroller/ReEnroller.entitlements;
				CODE_SIGN_IDENTITY = "-";
				CODE_SIGN_STYLE = Automatic;
				COMBINE_HIDPI_IMAGES = YES;
				CURRENT_PROJECT_VERSION = 4;
				DEAD_CODE_STRIPPING = YES;
				DEVELOPMENT_TEAM = PS2F6S478M;
				ENABLE_HARDENED_RUNTIME = YES;
				INFOPLIST_FILE = ReEnroller/Info.plist;
				INFOPLIST_KEY_LSApplicationCategoryType = "public.app-category.utilities";
				LD_RUNPATH_SEARCH_PATHS = (
					"$(inherited)",
					"@executable_path/../Frameworks",
				);
				MACOSX_DEPLOYMENT_TARGET = "$(RECOMMENDED_MACOSX_DEPLOYMENT_TARGET)";
				MARKETING_VERSION = 5.6.3;
				PRODUCT_BUNDLE_IDENTIFIER = com.jamf.pse.ReEnroller;
				PRODUCT_NAME = "$(TARGET_NAME)";
				SWIFT_VERSION = 5.0;
			};
			name = Debug;
		};
		B5480D6A25D6AE1A00BFCC86 /* Release */ = {
			isa = XCBuildConfiguration;
			buildSettings = {
				ASSETCATALOG_COMPILER_APPICON_NAME = AppIcon;
				ASSETCATALOG_COMPILER_GLOBAL_ACCENT_COLOR_NAME = AccentColor;
				CODE_SIGN_ENTITLEMENTS = ReEnroller/ReEnroller.entitlements;
				CODE_SIGN_IDENTITY = "-";
				CODE_SIGN_STYLE = Automatic;
				COMBINE_HIDPI_IMAGES = YES;
				CURRENT_PROJECT_VERSION = 4;
				DEAD_CODE_STRIPPING = YES;
				DEVELOPMENT_TEAM = PS2F6S478M;
				ENABLE_HARDENED_RUNTIME = YES;
				INFOPLIST_FILE = ReEnroller/Info.plist;
				INFOPLIST_KEY_LSApplicationCategoryType = "public.app-category.utilities";
				LD_RUNPATH_SEARCH_PATHS = (
					"$(inherited)",
					"@executable_path/../Frameworks",
				);
				MACOSX_DEPLOYMENT_TARGET = "$(RECOMMENDED_MACOSX_DEPLOYMENT_TARGET)";
				MARKETING_VERSION = 5.6.3;
				PRODUCT_BUNDLE_IDENTIFIER = com.jamf.pse.ReEnroller;
				PRODUCT_NAME = "$(TARGET_NAME)";
				SWIFT_VERSION = 5.0;
			};
			name = Release;
		};
/* End XCBuildConfiguration section */

/* Begin XCConfigurationList section */
		B5480D5325D6AE1700BFCC86 /* Build configuration list for PBXProject "ReEnroller" */ = {
			isa = XCConfigurationList;
			buildConfigurations = (
				B5480D6625D6AE1A00BFCC86 /* Debug */,
				B5480D6725D6AE1A00BFCC86 /* Release */,
			);
			defaultConfigurationIsVisible = 0;
			defaultConfigurationName = Release;
		};
		B5480D6825D6AE1A00BFCC86 /* Build configuration list for PBXNativeTarget "ReEnroller" */ = {
			isa = XCConfigurationList;
			buildConfigurations = (
				B5480D6925D6AE1A00BFCC86 /* Debug */,
				B5480D6A25D6AE1A00BFCC86 /* Release */,
			);
			defaultConfigurationIsVisible = 0;
			defaultConfigurationName = Release;
		};
/* End XCConfigurationList section */
	};
	rootObject = B5480D5025D6AE1700BFCC86 /* Project object */;
}
